
Microsoft Visual Studio Solution File, Format Version 12.00
# Visual Studio Version 17
VisualStudioVersion = 17.9.34723.18
MinimumVisualStudioVersion = 10.0.40219.1
Project("{FAE04EC0-301F-11D3-BF4B-00C04F79EFBC}") = "AccountService.API", "AccountService.API\AccountService.API.csproj", "{BBAA98E4-4931-4003-8650-D0E00DC24114}"
EndProject
Project("{FAE04EC0-301F-11D3-BF4B-00C04F79EFBC}") = "AccountService.Domain", "AccountService.Domain\AccountService.Domain.csproj", "{C25BC9B8-E10F-4FFF-BBC7-4F3AC897B744}"
EndProject
Project("{FAE04EC0-301F-11D3-BF4B-00C04F79EFBC}") = "AccountService.Application", "AccountService.Application\AccountService.Application.csproj", "{F2B5B87C-BF51-42AB-915A-A3B2E66D94EF}"
EndProject
Project("{FAE04EC0-301F-11D3-BF4B-00C04F79EFBC}") = "AccountService.Infrastructure", "AccountService.Infrastructure\AccountService.Infrastructure.csproj", "{D0A19355-E645-462E-BAFC-F2D0EB43B097}"
EndProject
Global
	GlobalSection(SolutionConfigurationPlatforms) = preSolution
		Debug|Any CPU = Debug|Any CPU
		Release|Any CPU = Release|Any CPU
	EndGlobalSection
	GlobalSection(ProjectConfigurationPlatforms) = postSolution
		{BBAA98E4-4931-4003-8650-D0E00DC24114}.Debug|Any CPU.ActiveCfg = Debug|Any CPU
		{BBAA98E4-4931-4003-8650-D0E00DC24114}.Debug|Any CPU.Build.0 = Debug|Any CPU
		{BBAA98E4-4931-4003-8650-D0E00DC24114}.Release|Any CPU.ActiveCfg = Release|Any CPU
		{BBAA98E4-4931-4003-8650-D0E00DC24114}.Release|Any CPU.Build.0 = Release|Any CPU
		{C25BC9B8-E10F-4FFF-BBC7-4F3AC897B744}.Debug|Any CPU.ActiveCfg = Debug|Any CPU
		{C25BC9B8-E10F-4FFF-BBC7-4F3AC897B744}.Debug|Any CPU.Build.0 = Debug|Any CPU
		{C25BC9B8-E10F-4FFF-BBC7-4F3AC897B744}.Release|Any CPU.ActiveCfg = Release|Any CPU
		{C25BC9B8-E10F-4FFF-BBC7-4F3AC897B744}.Release|Any CPU.Build.0 = Release|Any CPU
		{F2B5B87C-BF51-42AB-915A-A3B2E66D94EF}.Debug|Any CPU.ActiveCfg = Debug|Any CPU
		{F2B5B87C-BF51-42AB-915A-A3B2E66D94EF}.Debug|Any CPU.Build.0 = Debug|Any CPU
		{F2B5B87C-BF51-42AB-915A-A3B2E66D94EF}.Release|Any CPU.ActiveCfg = Release|Any CPU
		{F2B5B87C-BF51-42AB-915A-A3B2E66D94EF}.Release|Any CPU.Build.0 = Release|Any CPU
		{D0A19355-E645-462E-BAFC-F2D0EB43B097}.Debug|Any CPU.ActiveCfg = Debug|Any CPU
		{D0A19355-E645-462E-BAFC-F2D0EB43B097}.Debug|Any CPU.Build.0 = Debug|Any CPU
		{D0A19355-E645-462E-BAFC-F2D0EB43B097}.Release|Any CPU.ActiveCfg = Release|Any CPU
		{D0A19355-E645-462E-BAFC-F2D0EB43B097}.Release|Any CPU.Build.0 = Release|Any CPU
	EndGlobalSection
	GlobalSection(SolutionProperties) = preSolution
		HideSolutionNode = FALSE
	EndGlobalSection
	GlobalSection(ExtensibilityGlobals) = postSolution
		SolutionGuid = {D928DB47-ECD1-4A73-B374-9613F61D1D92}
	EndGlobalSection
EndGlobal
